# THIS IS AN AUTOGENERATED FILE. DO NOT EDIT THIS FILE DIRECTLY.
# yarn lockfile v1


"@aws-cdk/aws-apigatewayv2-alpha@^2.30.0-alpha.0":
  version "2.30.0-alpha.0"
  resolved "https://registry.yarnpkg.com/@aws-cdk/aws-apigatewayv2-alpha/-/aws-apigatewayv2-alpha-2.30.0-alpha.0.tgz#2d0701bfa9a5c6997893f5813560b86913820a16"
  integrity sha512-D5AB4x7Ayicbb87gb7wVJGuyFrqjelw48gvMADvNecw8md5aOSJ7jvwlSEGMZMiJ1UhjNhea7AWSNdAOI2SfBQ==

"@aws-cdk/aws-apigatewayv2-integrations-alpha@^2.30.0-alpha.0":
  version "2.30.0-alpha.0"
  resolved "https://registry.yarnpkg.com/@aws-cdk/aws-apigatewayv2-integrations-alpha/-/aws-apigatewayv2-integrations-alpha-2.30.0-alpha.0.tgz#335a57b96541de36a2ac644de5d5c73fbecf399d"
  integrity sha512-2/NAb0AFGwZQjNqpViiagJxKa8u0hy09GV7W/AKSEzLmQp1H2Jmg8oSGLudXVTF/VtsgjQUAL4MuxTRAXFtJoQ==

"@balena/dockerignore@^1.0.2":
  version "1.0.2"
  resolved "https://registry.npmjs.org/@balena/dockerignore/-/dockerignore-1.0.2.tgz"
  integrity sha512-wMue2Sy4GAVTk6Ic4tJVcnfdau+gx2EnG7S+uAEe+TWJFqE4YoWN4/H8MSLj4eYJKxGg26lZwboEniNiNwZQ6Q==

"@types/node@^16":
  version "16.11.42"
  resolved "https://registry.yarnpkg.com/@types/node/-/node-16.11.42.tgz#d2a75c58e9b0902b82dc54bd4c13f8ef12bd1020"
  integrity sha512-iwLrPOopPy6V3E+1yHTpJea3bdsNso0b0utLOJJwaa/PLzqBt3GZl3stMcakc/gr89SfcNk2ki3z7Gvue9hYGQ==

at-least-node@^1.0.0:
  version "1.0.0"
  resolved "https://registry.npmjs.org/at-least-node/-/at-least-node-1.0.0.tgz"
  integrity sha512-+q/t7Ekv1EDY2l6Gda6LLiX14rU9TV20Wa3ofeQmwPFZbOMo9DXrLbOjFaaclkXKWidIaopwAObQDqwWtGUjqg==

aws-cdk-lib@^2.29.1:
  version "2.29.1"
  resolved "https://registry.yarnpkg.com/aws-cdk-lib/-/aws-cdk-lib-2.29.1.tgz#3a7bfb03f988c37c9ccd7db454bd66ffce427d14"
  integrity sha512-tmWhsmSvNrJD9/SFAD0The7hON3VYUcFchKnjPg4vwvY89XzZv76IB24KLy3XoXF33WYvCUzDQPO/bCZQBF4LA==
  dependencies:
    "@balena/dockerignore" "^1.0.2"
    case "1.6.3"
    fs-extra "^9.1.0"
    ignore "^5.2.0"
    jsonschema "^1.4.1"
    minimatch "^3.1.2"
    punycode "^2.1.1"
    semver "^7.3.7"
    yaml "1.10.2"

aws-cdk@2.29.1:
  version "2.29.1"
  resolved "https://registry.npmjs.org/aws-cdk/-/aws-cdk-2.29.1.tgz"
  integrity sha512-JRuxHfMPR7kpGrk5fA1NgBmTLPpVa2gIRf5Pz+T9XaHM0lB8QLOkjXD6O5UJvgQtx/rwYAyD8b+n3b1rKaEGRQ==
  optionalDependencies:
    fsevents "2.3.2"

aws-cdk@^2.30.0:
  version "2.30.0"
  resolved "https://registry.yarnpkg.com/aws-cdk/-/aws-cdk-2.30.0.tgz#ce742d866aa2088ed179ebb5f2a5ec1998c3bc3e"
  integrity sha512-kt2Xm7UvLhlqhLsPrzOVjr10moRfMiIsbmY7TteE4YBntG7zZD3Ec2EBSWjOhszNEDLv2MYQYFOpGDKkjy45MA==
  optionalDependencies:
    fsevents "2.3.2"

balanced-match@^1.0.0:
  version "1.0.2"
  resolved "https://registry.npmjs.org/balanced-match/-/balanced-match-1.0.2.tgz"
  integrity sha512-3oSeUO0TMV67hN1AmbXsK4yaqU7tjiHlbxRDZOpH0KW9+CeX4bRAaX0Anxt0tx2MrpRpWwQaPwIlISEJhYU5Pw==

brace-expansion@^1.1.7:
  version "1.1.11"
  resolved "https://registry.npmjs.org/brace-expansion/-/brace-expansion-1.1.11.tgz"
  integrity sha512-iCuPHDFgrHX7H2vEI/5xpz07zSHB00TpugqhmYtVmMO6518mCuRMoOYFldEBl0g187ufozdaHgWKcYFb61qGiA==
  dependencies:
    balanced-match "^1.0.0"
    concat-map "0.0.1"

buffer-from@^1.0.0:
  version "1.1.2"
  resolved "https://registry.npmjs.org/buffer-from/-/buffer-from-1.1.2.tgz"
  integrity sha512-E+XQCRwSbaaiChtv6k6Dwgc+bx+Bs6vuKJHHl5kox/BaKbhiXzqQOwK4cO22yElGp2OCmjwVhT3HmxgyPGnJfQ==

case@1.6.3:
  version "1.6.3"
  resolved "https://registry.npmjs.org/case/-/case-1.6.3.tgz"
  integrity sha512-mzDSXIPaFwVDvZAHqZ9VlbyF4yyXRuX6IvB06WvPYkqJVO24kX1PPhv9bfpKNFZyxYFmmgo03HUiD8iklmJYRQ==

cdk@^2.29.1:
  version "2.29.1"
  resolved "https://registry.yarnpkg.com/cdk/-/cdk-2.29.1.tgz#4e1b97b882d93c79b0c6d3652adfc322cd8d59b1"
  integrity sha512-y3jD4Kiw9smbbDZxxUUX392lOAnn/c30gwiCGmrHUYAvesg/Qc/qSTVDqYsYvYYtXi9TkWy+L+WhK4cZJj2/YA==
  dependencies:
    aws-cdk "2.29.1"

concat-map@0.0.1:
  version "0.0.1"
  resolved "https://registry.npmjs.org/concat-map/-/concat-map-0.0.1.tgz"
  integrity sha512-/Srv4dswyQNBfohGpz9o6Yb3Gz3SrUDqBH5rTuhGR7ahtlbYKnVxw2bCFMRljaA7EXHaXZ8wsHdodFvbkhKmqg==

constructs@^10.1.42:
  version "10.1.42"
  resolved "https://registry.yarnpkg.com/constructs/-/constructs-10.1.42.tgz#dc21bfa7d024a1c81c0982b69ed4585e4e9d5712"
  integrity sha512-5AELa/PFtZG+WTjn9HoXhqsDZYV6l3J7Li9xw6vREYVMasF8cnVbTZvA4crP1gIyKtBAxAlnZCmzmCbicnH6eg==

fs-extra@^9.1.0:
  version "9.1.0"
  resolved "https://registry.npmjs.org/fs-extra/-/fs-extra-9.1.0.tgz"
  integrity sha512-hcg3ZmepS30/7BSFqRvoo3DOMQu7IjqxO5nCDt+zM9XWjb33Wg7ziNT+Qvqbuc3+gWpzO02JubVyk2G4Zvo1OQ==
  dependencies:
    at-least-node "^1.0.0"
    graceful-fs "^4.2.0"
    jsonfile "^6.0.1"
    universalify "^2.0.0"

fsevents@2.3.2:
  version "2.3.2"
  resolved "https://registry.yarnpkg.com/fsevents/-/fsevents-2.3.2.tgz#8a526f78b8fdf4623b709e0b975c52c24c02fd1a"
  integrity sha512-xiqMQR4xAeHTuB9uWm+fFRcIOgKBMiOBP+eXiyT7jsgVCq1bkVygt00oASowB7EdtpOHaaPgKt812P9ab+DDKA==

graceful-fs@^4.1.6, graceful-fs@^4.2.0:
  version "4.2.10"
  resolved "https://registry.npmjs.org/graceful-fs/-/graceful-fs-4.2.10.tgz"
  integrity sha512-9ByhssR2fPVsNZj478qUUbKfmL0+t5BDVyjShtyZZLiK7ZDAArFFfopyOTj0M05wE2tJPisA4iTnnXl2YoPvOA==

ignore@^5.2.0:
  version "5.2.0"
  resolved "https://registry.npmjs.org/ignore/-/ignore-5.2.0.tgz"
  integrity sha512-CmxgYGiEPCLhfLnpPp1MoRmifwEIOgjcHXxOBjv7mY96c+eWScsOP9c112ZyLdWHi0FxHjI+4uVhKYp/gcdRmQ==

jsonfile@^6.0.1:
  version "6.1.0"
  resolved "https://registry.npmjs.org/jsonfile/-/jsonfile-6.1.0.tgz"
  integrity sha512-5dgndWOriYSm5cnYaJNhalLNDKOqFwyDB/rr1E9ZsGciGvKPs8R2xYGCacuf3z6K1YKDz182fd+fY3cn3pMqXQ==
  dependencies:
    universalify "^2.0.0"
  optionalDependencies:
    graceful-fs "^4.1.6"

jsonschema@^1.4.1:
  version "1.4.1"
  resolved "https://registry.yarnpkg.com/jsonschema/-/jsonschema-1.4.1.tgz#cc4c3f0077fb4542982973d8a083b6b34f482dab"
  integrity sha512-S6cATIPVv1z0IlxdN+zUk5EPjkGCdnhN4wVSBlvoUO1tOLJootbo9CquNJmbIh4yikWHiUedhRYrNPn1arpEmQ==

lru-cache@^6.0.0:
  version "6.0.0"
  resolved "https://registry.npmjs.org/lru-cache/-/lru-cache-6.0.0.tgz"
  integrity sha512-Jo6dJ04CmSjuznwJSS3pUeWmd/H0ffTlkXXgwZi+eq1UCmqQwCh+eLsYOYCwY991i2Fah4h1BEMCx4qThGbsiA==
  dependencies:
    yallist "^4.0.0"

minimatch@^3.1.2:
  version "3.1.2"
  resolved "https://registry.npmjs.org/minimatch/-/minimatch-3.1.2.tgz"
  integrity sha512-J7p63hRiAjw1NDEww1W7i37+ByIrOWO5XQQAzZ3VOcL0PNybwpfmV/N05zFAzwQ9USyEcX6t3UO+K5aqBQOIHw==
  dependencies:
    brace-expansion "^1.1.7"

punycode@^2.1.1:
  version "2.1.1"
  resolved "https://registry.npmjs.org/punycode/-/punycode-2.1.1.tgz"
  integrity sha512-XRsRjdf+j5ml+y/6GKHPZbrF/8p2Yga0JPtdqTIY2Xe5ohJPD9saDJJLPvp9+NSBprVvevdXZybnj2cv8OEd0A==

semver@^7.3.7:
  version "7.3.7"
  resolved "https://registry.npmjs.org/semver/-/semver-7.3.7.tgz"
  integrity sha512-QlYTucUYOews+WeEujDoEGziz4K6c47V/Bd+LjSSYcA94p+DmINdf7ncaUinThfvZyu13lN9OY1XDxt8C0Tw0g==
  dependencies:
    lru-cache "^6.0.0"

source-map-support@^0.5.21:
  version "0.5.21"
  resolved "https://registry.npmjs.org/source-map-support/-/source-map-support-0.5.21.tgz"
  integrity sha512-uBHU3L3czsIyYXKX88fdrGovxdSCoTGDRZ6SYXtSRxLZUzHg5P/66Ht6uoUlHu9EZod+inXhKo3qQgwXUT/y1w==
  dependencies:
    buffer-from "^1.0.0"
    source-map "^0.6.0"

source-map@^0.6.0:
  version "0.6.1"
  resolved "https://registry.npmjs.org/source-map/-/source-map-0.6.1.tgz"
  integrity sha512-UjgapumWlbMhkBgzT7Ykc5YXUT46F0iKu8SGXq0bcwP5dz/h0Plj6enJqjz1Zbq2l5WaqYnrVbwWOWMyF3F47g==

universalify@^2.0.0:
  version "2.0.0"
  resolved "https://registry.npmjs.org/universalify/-/universalify-2.0.0.tgz"
  integrity sha512-hAZsKq7Yy11Zu1DE0OzWjw7nnLZmJZYTDZZyEFHZdUhV8FkH5MCfoU1XMaxXovpyW5nq5scPqq0ZDP9Zyl04oQ==

yallist@^4.0.0:
  version "4.0.0"
  resolved "https://registry.npmjs.org/yallist/-/yallist-4.0.0.tgz"
  integrity sha512-3wdGidZyq5PB084XLES5TpOSRA3wjXAlIWMhum2kRcv/41Sn2emQ0dycQW4uZXLejwKvg6EsvbdlVL+FYEct7A==

yaml@1.10.2:
  version "1.10.2"
  resolved "https://registry.npmjs.org/yaml/-/yaml-1.10.2.tgz"
  integrity sha512-r3vXyErRCYJ7wg28yvBY5VSoAF8ZvlcW9/BwUzEtUsjvX/DKs24dIkuwjtuprwJJHsbyUbLApepYTR1BN4uHrg==
